{
  "requires": true,
  "lockfileVersion": 1,
  "dependencies": {
    "gexf": {
      "version": "0.2.5",
      "resolved": "https://registry.npmjs.org/gexf/-/gexf-0.2.5.tgz",
      "integrity": "sha1-jIAprCasVwFxD94/Ra+OTpXT3cs=",
      "requires": {
        "xmldom": "~0.1.19"
      }
    },
    "xmldom": {
      "version": "0.1.27",
      "resolved": "https://registry.npmjs.org/xmldom/-/xmldom-0.1.27.tgz",
      "integrity": "sha1-1QH5ezvbQDr4757MIFcxh6rawOk="
    }
  }
}
